
Microsoft Visual Studio Solution File, Format Version 12.00
# Visual Studio 15
VisualStudioVersion = 15.0.27428.2037
MinimumVisualStudioVersion = 10.0.40219.1
Project("{8BC9CEB8-8B4A-11D0-8D11-00A0C91BC942}") = "VSR", "VSR\VSR.vcxproj", "{98E50EE0-5026-44FD-A204-FD03C4B4FE7F}"
EndProject
Project("{8BC9CEB8-8B4A-11D0-8D11-00A0C91BC942}") = "VSR-Sample", "VSR-Sample\VSR-Sample.vcxproj", "{248AE3A0-204F-4589-B689-AB96CB1ED66E}"
	ProjectSection(ProjectDependencies) = postProject
		{98E50EE0-5026-44FD-A204-FD03C4B4FE7F} = {98E50EE0-5026-44FD-A204-FD03C4B4FE7F}
	EndProjectSection
EndProject
Global
	GlobalSection(SolutionConfigurationPlatforms) = preSolution
		Debug|Win32 = Debug|Win32
		Debug|x64 = Debug|x64
		Release|Win32 = Release|Win32
		Release|x64 = Release|x64
	EndGlobalSection
	GlobalSection(ProjectConfigurationPlatforms) = postSolution
		{98E50EE0-5026-44FD-A204-FD03C4B4FE7F}.Debug|Win32.ActiveCfg = Debug|Win32
		{98E50EE0-5026-44FD-A204-FD03C4B4FE7F}.Debug|Win32.Build.0 = Debug|Win32
		{98E50EE0-5026-44FD-A204-FD03C4B4FE7F}.Debug|Win32.Deploy.0 = Debug|Win32
		{98E50EE0-5026-44FD-A204-FD03C4B4FE7F}.Debug|x64.ActiveCfg = Debug|x64
		{98E50EE0-5026-44FD-A204-FD03C4B4FE7F}.Debug|x64.Build.0 = Debug|x64
		{98E50EE0-5026-44FD-A204-FD03C4B4FE7F}.Release|Win32.ActiveCfg = Release|Win32
		{98E50EE0-5026-44FD-A204-FD03C4B4FE7F}.Release|Win32.Build.0 = Release|Win32
		{98E50EE0-5026-44FD-A204-FD03C4B4FE7F}.Release|x64.ActiveCfg = Release|x64
		{98E50EE0-5026-44FD-A204-FD03C4B4FE7F}.Release|x64.Build.0 = Release|x64
		{248AE3A0-204F-4589-B689-AB96CB1ED66E}.Debug|Win32.ActiveCfg = Debug|Win32
		{248AE3A0-204F-4589-B689-AB96CB1ED66E}.Debug|Win32.Build.0 = Debug|Win32
		{248AE3A0-204F-4589-B689-AB96CB1ED66E}.Debug|x64.ActiveCfg = Debug|x64
		{248AE3A0-204F-4589-B689-AB96CB1ED66E}.Debug|x64.Build.0 = Debug|x64
		{248AE3A0-204F-4589-B689-AB96CB1ED66E}.Release|Win32.ActiveCfg = Release|Win32
		{248AE3A0-204F-4589-B689-AB96CB1ED66E}.Release|Win32.Build.0 = Release|Win32
		{248AE3A0-204F-4589-B689-AB96CB1ED66E}.Release|x64.ActiveCfg = Release|x64
		{248AE3A0-204F-4589-B689-AB96CB1ED66E}.Release|x64.Build.0 = Release|x64
	EndGlobalSection
	GlobalSection(SolutionProperties) = preSolution
		HideSolutionNode = FALSE
	EndGlobalSection
	GlobalSection(ExtensibilityGlobals) = postSolution
		SolutionGuid = {B5616F49-9A25-4C70-B22A-549C2C78E1FB}
	EndGlobalSection
EndGlobal
